
Microsoft Visual Studio Solution File, Format Version 12.00
# Visual Studio Version 17
VisualStudioVersion = 17.4.33110.190
MinimumVisualStudioVersion = 10.0.40219.1
Project("{FAE04EC0-301F-11D3-BF4B-00C04F79EFBC}") = "AddressBlockade.API", "AddressBlockade.API\AddressBlockade.API.csproj", "{DAB0F317-11B6-4C70-83F7-EDA4F806E1AD}"
EndProject
Project("{FAE04EC0-301F-11D3-BF4B-00C04F79EFBC}") = "AddressBlockade.Application", "AddressBlockade.Application\AddressBlockade.Application.csproj", "{8838AF5C-145B-464A-B1C4-03012FC1B713}"
EndProject
Project("{FAE04EC0-301F-11D3-BF4B-00C04F79EFBC}") = "AddressBlockade.Domain", "AddressBlockade.Domain\AddressBlockade.Domain.csproj", "{7ECAF8FE-337C-434D-80B4-260B53D2C564}"
EndProject
Project("{FAE04EC0-301F-11D3-BF4B-00C04F79EFBC}") = "AddressBlockade.Persistance", "AddressBlockade.Persistance\AddressBlockade.Persistance.csproj", "{6BDFA65F-4940-4EA0-BCFD-8AFB1E21042F}"
EndProject
Project("{FAE04EC0-301F-11D3-BF4B-00C04F79EFBC}") = "AddressBlockade.UnitTests", "AddressBlockade.UnitTests\AddressBlockade.UnitTests.csproj", "{62397652-A832-4AEA-9EE2-140153F41AC9}"
EndProject
Global
	GlobalSection(SolutionConfigurationPlatforms) = preSolution
		Debug|Any CPU = Debug|Any CPU
		Release|Any CPU = Release|Any CPU
	EndGlobalSection
	GlobalSection(ProjectConfigurationPlatforms) = postSolution
		{DAB0F317-11B6-4C70-83F7-EDA4F806E1AD}.Debug|Any CPU.ActiveCfg = Debug|Any CPU
		{DAB0F317-11B6-4C70-83F7-EDA4F806E1AD}.Debug|Any CPU.Build.0 = Debug|Any CPU
		{DAB0F317-11B6-4C70-83F7-EDA4F806E1AD}.Release|Any CPU.ActiveCfg = Release|Any CPU
		{DAB0F317-11B6-4C70-83F7-EDA4F806E1AD}.Release|Any CPU.Build.0 = Release|Any CPU
		{8838AF5C-145B-464A-B1C4-03012FC1B713}.Debug|Any CPU.ActiveCfg = Debug|Any CPU
		{8838AF5C-145B-464A-B1C4-03012FC1B713}.Debug|Any CPU.Build.0 = Debug|Any CPU
		{8838AF5C-145B-464A-B1C4-03012FC1B713}.Release|Any CPU.ActiveCfg = Release|Any CPU
		{8838AF5C-145B-464A-B1C4-03012FC1B713}.Release|Any CPU.Build.0 = Release|Any CPU
		{7ECAF8FE-337C-434D-80B4-260B53D2C564}.Debug|Any CPU.ActiveCfg = Debug|Any CPU
		{7ECAF8FE-337C-434D-80B4-260B53D2C564}.Debug|Any CPU.Build.0 = Debug|Any CPU
		{7ECAF8FE-337C-434D-80B4-260B53D2C564}.Release|Any CPU.ActiveCfg = Release|Any CPU
		{7ECAF8FE-337C-434D-80B4-260B53D2C564}.Release|Any CPU.Build.0 = Release|Any CPU
		{6BDFA65F-4940-4EA0-BCFD-8AFB1E21042F}.Debug|Any CPU.ActiveCfg = Debug|Any CPU
		{6BDFA65F-4940-4EA0-BCFD-8AFB1E21042F}.Debug|Any CPU.Build.0 = Debug|Any CPU
		{6BDFA65F-4940-4EA0-BCFD-8AFB1E21042F}.Release|Any CPU.ActiveCfg = Release|Any CPU
		{6BDFA65F-4940-4EA0-BCFD-8AFB1E21042F}.Release|Any CPU.Build.0 = Release|Any CPU
		{62397652-A832-4AEA-9EE2-140153F41AC9}.Debug|Any CPU.ActiveCfg = Debug|Any CPU
		{62397652-A832-4AEA-9EE2-140153F41AC9}.Debug|Any CPU.Build.0 = Debug|Any CPU
		{62397652-A832-4AEA-9EE2-140153F41AC9}.Release|Any CPU.ActiveCfg = Release|Any CPU
		{62397652-A832-4AEA-9EE2-140153F41AC9}.Release|Any CPU.Build.0 = Release|Any CPU
	EndGlobalSection
	GlobalSection(SolutionProperties) = preSolution
		HideSolutionNode = FALSE
	EndGlobalSection
	GlobalSection(ExtensibilityGlobals) = postSolution
		SolutionGuid = {3D2FB812-2CA4-4206-B1F8-BD93C3EB4092}
	EndGlobalSection
EndGlobal
